
Microsoft Visual Studio Solution File, Format Version 12.00
# Visual Studio 15
VisualStudioVersion = 15.0.28010.2026
MinimumVisualStudioVersion = 10.0.40219.1
Project("{9A19103F-16F7-4668-BE54-9A1E7A4F7556}") = "CopaFilmes.Presentation", "src\CopaFilmes.Presentation\CopaFilmes.Presentation.csproj", "{2A7C0728-400F-4FCD-AA45-AB5C1355B211}"
EndProject
Project("{FAE04EC0-301F-11D3-BF4B-00C04F79EFBC}") = "CopaFilmes.Android", "src\CopaFilmes\CopaFilmes.Android\CopaFilmes.Android.csproj", "{54411C49-3E85-4B59-BE05-6754D3DA35F4}"
EndProject
Project("{FAE04EC0-301F-11D3-BF4B-00C04F79EFBC}") = "CopaFilmes.iOS", "src\CopaFilmes\CopaFilmes.iOS\CopaFilmes.iOS.csproj", "{57DF6D61-AFC7-4888-98F8-B7C426CF9E14}"
EndProject
Project("{9A19103F-16F7-4668-BE54-9A1E7A4F7556}") = "CopaFilmes", "src\CopaFilmes\CopaFilmes\CopaFilmes.csproj", "{DB28004D-7A6A-4BCF-87BB-F4B32AC9ED49}"
EndProject
Project("{9A19103F-16F7-4668-BE54-9A1E7A4F7556}") = "CopaFilmes.Domain", "src\CopaFilmes.Domain\CopaFilmes.Domain.csproj", "{5CE22383-10A8-41D4-906C-4275F02F357A}"
EndProject
Project("{FAE04EC0-301F-11D3-BF4B-00C04F79EFBC}") = "CopaFilmes.Services", "src\CopaFilmes.Services\CopaFilmes.Services.csproj", "{DE1E4E35-032E-4EC9-82B8-C71E1333CD6B}"
EndProject
Global
	GlobalSection(SolutionConfigurationPlatforms) = preSolution
		Ad-Hoc|Any CPU = Ad-Hoc|Any CPU
		Ad-Hoc|iPhone = Ad-Hoc|iPhone
		Ad-Hoc|iPhoneSimulator = Ad-Hoc|iPhoneSimulator
		AppStore|Any CPU = AppStore|Any CPU
		AppStore|iPhone = AppStore|iPhone
		AppStore|iPhoneSimulator = AppStore|iPhoneSimulator
		Debug|Any CPU = Debug|Any CPU
		Debug|iPhone = Debug|iPhone
		Debug|iPhoneSimulator = Debug|iPhoneSimulator
		Release|Any CPU = Release|Any CPU
		Release|iPhone = Release|iPhone
		Release|iPhoneSimulator = Release|iPhoneSimulator
	EndGlobalSection
	GlobalSection(ProjectConfigurationPlatforms) = postSolution
		{2A7C0728-400F-4FCD-AA45-AB5C1355B211}.Ad-Hoc|Any CPU.ActiveCfg = Release|Any CPU
		{2A7C0728-400F-4FCD-AA45-AB5C1355B211}.Ad-Hoc|Any CPU.Build.0 = Release|Any CPU
		{2A7C0728-400F-4FCD-AA45-AB5C1355B211}.Ad-Hoc|iPhone.ActiveCfg = Release|Any CPU
		{2A7C0728-400F-4FCD-AA45-AB5C1355B211}.Ad-Hoc|iPhone.Build.0 = Release|Any CPU
		{2A7C0728-400F-4FCD-AA45-AB5C1355B211}.Ad-Hoc|iPhoneSimulator.ActiveCfg = Release|Any CPU
		{2A7C0728-400F-4FCD-AA45-AB5C1355B211}.Ad-Hoc|iPhoneSimulator.Build.0 = Release|Any CPU
		{2A7C0728-400F-4FCD-AA45-AB5C1355B211}.AppStore|Any CPU.ActiveCfg = Release|Any CPU
		{2A7C0728-400F-4FCD-AA45-AB5C1355B211}.AppStore|Any CPU.Build.0 = Release|Any CPU
		{2A7C0728-400F-4FCD-AA45-AB5C1355B211}.AppStore|iPhone.ActiveCfg = Release|Any CPU
		{2A7C0728-400F-4FCD-AA45-AB5C1355B211}.AppStore|iPhone.Build.0 = Release|Any CPU
		{2A7C0728-400F-4FCD-AA45-AB5C1355B211}.AppStore|iPhoneSimulator.ActiveCfg = Release|Any CPU
		{2A7C0728-400F-4FCD-AA45-AB5C1355B211}.AppStore|iPhoneSimulator.Build.0 = Release|Any CPU
		{2A7C0728-400F-4FCD-AA45-AB5C1355B211}.Debug|Any CPU.ActiveCfg = Debug|Any CPU
		{2A7C0728-400F-4FCD-AA45-AB5C1355B211}.Debug|Any CPU.Build.0 = Debug|Any CPU
		{2A7C0728-400F-4FCD-AA45-AB5C1355B211}.Debug|iPhone.ActiveCfg = Debug|Any CPU
		{2A7C0728-400F-4FCD-AA45-AB5C1355B211}.Debug|iPhone.Build.0 = Debug|Any CPU
		{2A7C0728-400F-4FCD-AA45-AB5C1355B211}.Debug|iPhoneSimulator.ActiveCfg = Debug|Any CPU
		{2A7C0728-400F-4FCD-AA45-AB5C1355B211}.Debug|iPhoneSimulator.Build.0 = Debug|Any CPU
		{2A7C0728-400F-4FCD-AA45-AB5C1355B211}.Release|Any CPU.ActiveCfg = Release|Any CPU
		{2A7C0728-400F-4FCD-AA45-AB5C1355B211}.Release|Any CPU.Build.0 = Release|Any CPU
		{2A7C0728-400F-4FCD-AA45-AB5C1355B211}.Release|iPhone.ActiveCfg = Release|Any CPU
		{2A7C0728-400F-4FCD-AA45-AB5C1355B211}.Release|iPhone.Build.0 = Release|Any CPU
		{2A7C0728-400F-4FCD-AA45-AB5C1355B211}.Release|iPhoneSimulator.ActiveCfg = Release|Any CPU
		{2A7C0728-400F-4FCD-AA45-AB5C1355B211}.Release|iPhoneSimulator.Build.0 = Release|Any CPU
		{54411C49-3E85-4B59-BE05-6754D3DA35F4}.Ad-Hoc|Any CPU.ActiveCfg = Release|Any CPU
		{54411C49-3E85-4B59-BE05-6754D3DA35F4}.Ad-Hoc|Any CPU.Build.0 = Release|Any CPU
		{54411C49-3E85-4B59-BE05-6754D3DA35F4}.Ad-Hoc|Any CPU.Deploy.0 = Release|Any CPU
		{54411C49-3E85-4B59-BE05-6754D3DA35F4}.Ad-Hoc|iPhone.ActiveCfg = Release|Any CPU
		{54411C49-3E85-4B59-BE05-6754D3DA35F4}.Ad-Hoc|iPhone.Build.0 = Release|Any CPU
		{54411C49-3E85-4B59-BE05-6754D3DA35F4}.Ad-Hoc|iPhone.Deploy.0 = Release|Any CPU
		{54411C49-3E85-4B59-BE05-6754D3DA35F4}.Ad-Hoc|iPhoneSimulator.ActiveCfg = Release|Any CPU
		{54411C49-3E85-4B59-BE05-6754D3DA35F4}.Ad-Hoc|iPhoneSimulator.Build.0 = Release|Any CPU
		{54411C49-3E85-4B59-BE05-6754D3DA35F4}.Ad-Hoc|iPhoneSimulator.Deploy.0 = Release|Any CPU
		{54411C49-3E85-4B59-BE05-6754D3DA35F4}.AppStore|Any CPU.ActiveCfg = Release|Any CPU
		{54411C49-3E85-4B59-BE05-6754D3DA35F4}.AppStore|Any CPU.Build.0 = Release|Any CPU
		{54411C49-3E85-4B59-BE05-6754D3DA35F4}.AppStore|Any CPU.Deploy.0 = Release|Any CPU
		{54411C49-3E85-4B59-BE05-6754D3DA35F4}.AppStore|iPhone.ActiveCfg = Release|Any CPU
		{54411C49-3E85-4B59-BE05-6754D3DA35F4}.AppStore|iPhone.Build.0 = Release|Any CPU
		{54411C49-3E85-4B59-BE05-6754D3DA35F4}.AppStore|iPhone.Deploy.0 = Release|Any CPU
		{54411C49-3E85-4B59-BE05-6754D3DA35F4}.AppStore|iPhoneSimulator.ActiveCfg = Release|Any CPU
		{54411C49-3E85-4B59-BE05-6754D3DA35F4}.AppStore|iPhoneSimulator.Build.0 = Release|Any CPU
		{54411C49-3E85-4B59-BE05-6754D3DA35F4}.AppStore|iPhoneSimulator.Deploy.0 = Release|Any CPU
		{54411C49-3E85-4B59-BE05-6754D3DA35F4}.Debug|Any CPU.ActiveCfg = Debug|Any CPU
		{54411C49-3E85-4B59-BE05-6754D3DA35F4}.Debug|Any CPU.Build.0 = Debug|Any CPU
		{54411C49-3E85-4B59-BE05-6754D3DA35F4}.Debug|Any CPU.Deploy.0 = Debug|Any CPU
		{54411C49-3E85-4B59-BE05-6754D3DA35F4}.Debug|iPhone.ActiveCfg = Debug|Any CPU
		{54411C49-3E85-4B59-BE05-6754D3DA35F4}.Debug|iPhone.Build.0 = Debug|Any CPU
		{54411C49-3E85-4B59-BE05-6754D3DA35F4}.Debug|iPhone.Deploy.0 = Debug|Any CPU
		{54411C49-3E85-4B59-BE05-6754D3DA35F4}.Debug|iPhoneSimulator.ActiveCfg = Debug|Any CPU
		{54411C49-3E85-4B59-BE05-6754D3DA35F4}.Debug|iPhoneSimulator.Build.0 = Debug|Any CPU
		{54411C49-3E85-4B59-BE05-6754D3DA35F4}.Debug|iPhoneSimulator.Deploy.0 = Debug|Any CPU
		{54411C49-3E85-4B59-BE05-6754D3DA35F4}.Release|Any CPU.ActiveCfg = Release|Any CPU
		{54411C49-3E85-4B59-BE05-6754D3DA35F4}.Release|Any CPU.Build.0 = Release|Any CPU
		{54411C49-3E85-4B59-BE05-6754D3DA35F4}.Release|Any CPU.Deploy.0 = Release|Any CPU
		{54411C49-3E85-4B59-BE05-6754D3DA35F4}.Release|iPhone.ActiveCfg = Release|Any CPU
		{54411C49-3E85-4B59-BE05-6754D3DA35F4}.Release|iPhone.Build.0 = Release|Any CPU
		{54411C49-3E85-4B59-BE05-6754D3DA35F4}.Release|iPhone.Deploy.0 = Release|Any CPU
		{54411C49-3E85-4B59-BE05-6754D3DA35F4}.Release|iPhoneSimulator.ActiveCfg = Release|Any CPU
		{54411C49-3E85-4B59-BE05-6754D3DA35F4}.Release|iPhoneSimulator.Build.0 = Release|Any CPU
		{54411C49-3E85-4B59-BE05-6754D3DA35F4}.Release|iPhoneSimulator.Deploy.0 = Release|Any CPU
		{57DF6D61-AFC7-4888-98F8-B7C426CF9E14}.Ad-Hoc|Any CPU.ActiveCfg = Ad-Hoc|iPhone
		{57DF6D61-AFC7-4888-98F8-B7C426CF9E14}.Ad-Hoc|iPhone.ActiveCfg = Ad-Hoc|iPhone
		{57DF6D61-AFC7-4888-98F8-B7C426CF9E14}.Ad-Hoc|iPhone.Build.0 = Ad-Hoc|iPhone
		{57DF6D61-AFC7-4888-98F8-B7C426CF9E14}.Ad-Hoc|iPhoneSimulator.ActiveCfg = Ad-Hoc|iPhoneSimulator
		{57DF6D61-AFC7-4888-98F8-B7C426CF9E14}.Ad-Hoc|iPhoneSimulator.Build.0 = Ad-Hoc|iPhoneSimulator
		{57DF6D61-AFC7-4888-98F8-B7C426CF9E14}.AppStore|Any CPU.ActiveCfg = AppStore|iPhone
		{57DF6D61-AFC7-4888-98F8-B7C426CF9E14}.AppStore|iPhone.ActiveCfg = AppStore|iPhone
		{57DF6D61-AFC7-4888-98F8-B7C426CF9E14}.AppStore|iPhone.Build.0 = AppStore|iPhone
		{57DF6D61-AFC7-4888-98F8-B7C426CF9E14}.AppStore|iPhoneSimulator.ActiveCfg = AppStore|iPhoneSimulator
		{57DF6D61-AFC7-4888-98F8-B7C426CF9E14}.AppStore|iPhoneSimulator.Build.0 = AppStore|iPhoneSimulator
		{57DF6D61-AFC7-4888-98F8-B7C426CF9E14}.Debug|Any CPU.ActiveCfg = Debug|iPhone
		{57DF6D61-AFC7-4888-98F8-B7C426CF9E14}.Debug|iPhone.ActiveCfg = Debug|iPhone
		{57DF6D61-AFC7-4888-98F8-B7C426CF9E14}.Debug|iPhone.Build.0 = Debug|iPhone
		{57DF6D61-AFC7-4888-98F8-B7C426CF9E14}.Debug|iPhoneSimulator.ActiveCfg = Debug|iPhoneSimulator
		{57DF6D61-AFC7-4888-98F8-B7C426CF9E14}.Debug|iPhoneSimulator.Build.0 = Debug|iPhoneSimulator
		{57DF6D61-AFC7-4888-98F8-B7C426CF9E14}.Release|Any CPU.ActiveCfg = Release|iPhone
		{57DF6D61-AFC7-4888-98F8-B7C426CF9E14}.Release|iPhone.ActiveCfg = Release|iPhone
		{57DF6D61-AFC7-4888-98F8-B7C426CF9E14}.Release|iPhone.Build.0 = Release|iPhone
		{57DF6D61-AFC7-4888-98F8-B7C426CF9E14}.Release|iPhoneSimulator.ActiveCfg = Release|iPhoneSimulator
		{57DF6D61-AFC7-4888-98F8-B7C426CF9E14}.Release|iPhoneSimulator.Build.0 = Release|iPhoneSimulator
		{DB28004D-7A6A-4BCF-87BB-F4B32AC9ED49}.Ad-Hoc|Any CPU.ActiveCfg = Debug|Any CPU
		{DB28004D-7A6A-4BCF-87BB-F4B32AC9ED49}.Ad-Hoc|Any CPU.Build.0 = Debug|Any CPU
		{DB28004D-7A6A-4BCF-87BB-F4B32AC9ED49}.Ad-Hoc|iPhone.ActiveCfg = Debug|Any CPU
		{DB28004D-7A6A-4BCF-87BB-F4B32AC9ED49}.Ad-Hoc|iPhone.Build.0 = Debug|Any CPU
		{DB28004D-7A6A-4BCF-87BB-F4B32AC9ED49}.Ad-Hoc|iPhoneSimulator.ActiveCfg = Debug|Any CPU
		{DB28004D-7A6A-4BCF-87BB-F4B32AC9ED49}.Ad-Hoc|iPhoneSimulator.Build.0 = Debug|Any CPU
		{DB28004D-7A6A-4BCF-87BB-F4B32AC9ED49}.AppStore|Any CPU.ActiveCfg = Debug|Any CPU
		{DB28004D-7A6A-4BCF-87BB-F4B32AC9ED49}.AppStore|Any CPU.Build.0 = Debug|Any CPU
		{DB28004D-7A6A-4BCF-87BB-F4B32AC9ED49}.AppStore|iPhone.ActiveCfg = Debug|Any CPU
		{DB28004D-7A6A-4BCF-87BB-F4B32AC9ED49}.AppStore|iPhone.Build.0 = Debug|Any CPU
		{DB28004D-7A6A-4BCF-87BB-F4B32AC9ED49}.AppStore|iPhoneSimulator.ActiveCfg = Debug|Any CPU
		{DB28004D-7A6A-4BCF-87BB-F4B32AC9ED49}.AppStore|iPhoneSimulator.Build.0 = Debug|Any CPU
		{DB28004D-7A6A-4BCF-87BB-F4B32AC9ED49}.Debug|Any CPU.ActiveCfg = Debug|Any CPU
		{DB28004D-7A6A-4BCF-87BB-F4B32AC9ED49}.Debug|Any CPU.Build.0 = Debug|Any CPU
		{DB28004D-7A6A-4BCF-87BB-F4B32AC9ED49}.Debug|iPhone.ActiveCfg = Debug|Any CPU
		{DB28004D-7A6A-4BCF-87BB-F4B32AC9ED49}.Debug|iPhone.Build.0 = Debug|Any CPU
		{DB28004D-7A6A-4BCF-87BB-F4B32AC9ED49}.Debug|iPhoneSimulator.ActiveCfg = Debug|Any CPU
		{DB28004D-7A6A-4BCF-87BB-F4B32AC9ED49}.Debug|iPhoneSimulator.Build.0 = Debug|Any CPU
		{DB28004D-7A6A-4BCF-87BB-F4B32AC9ED49}.Release|Any CPU.ActiveCfg = Release|Any CPU
		{DB28004D-7A6A-4BCF-87BB-F4B32AC9ED49}.Release|Any CPU.Build.0 = Release|Any CPU
		{DB28004D-7A6A-4BCF-87BB-F4B32AC9ED49}.Release|iPhone.ActiveCfg = Release|Any CPU
		{DB28004D-7A6A-4BCF-87BB-F4B32AC9ED49}.Release|iPhone.Build.0 = Release|Any CPU
		{DB28004D-7A6A-4BCF-87BB-F4B32AC9ED49}.Release|iPhoneSimulator.ActiveCfg = Release|Any CPU
		{DB28004D-7A6A-4BCF-87BB-F4B32AC9ED49}.Release|iPhoneSimulator.Build.0 = Release|Any CPU
		{5CE22383-10A8-41D4-906C-4275F02F357A}.Ad-Hoc|Any CPU.ActiveCfg = Debug|Any CPU
		{5CE22383-10A8-41D4-906C-4275F02F357A}.Ad-Hoc|Any CPU.Build.0 = Debug|Any CPU
		{5CE22383-10A8-41D4-906C-4275F02F357A}.Ad-Hoc|iPhone.ActiveCfg = Debug|Any CPU
		{5CE22383-10A8-41D4-906C-4275F02F357A}.Ad-Hoc|iPhone.Build.0 = Debug|Any CPU
		{5CE22383-10A8-41D4-906C-4275F02F357A}.Ad-Hoc|iPhoneSimulator.ActiveCfg = Debug|Any CPU
		{5CE22383-10A8-41D4-906C-4275F02F357A}.Ad-Hoc|iPhoneSimulator.Build.0 = Debug|Any CPU
		{5CE22383-10A8-41D4-906C-4275F02F357A}.AppStore|Any CPU.ActiveCfg = Debug|Any CPU
		{5CE22383-10A8-41D4-906C-4275F02F357A}.AppStore|Any CPU.Build.0 = Debug|Any CPU
		{5CE22383-10A8-41D4-906C-4275F02F357A}.AppStore|iPhone.ActiveCfg = Debug|Any CPU
		{5CE22383-10A8-41D4-906C-4275F02F357A}.AppStore|iPhone.Build.0 = Debug|Any CPU
		{5CE22383-10A8-41D4-906C-4275F02F357A}.AppStore|iPhoneSimulator.ActiveCfg = Debug|Any CPU
		{5CE22383-10A8-41D4-906C-4275F02F357A}.AppStore|iPhoneSimulator.Build.0 = Debug|Any CPU
		{5CE22383-10A8-41D4-906C-4275F02F357A}.Debug|Any CPU.ActiveCfg = Debug|Any CPU
		{5CE22383-10A8-41D4-906C-4275F02F357A}.Debug|Any CPU.Build.0 = Debug|Any CPU
		{5CE22383-10A8-41D4-906C-4275F02F357A}.Debug|iPhone.ActiveCfg = Debug|Any CPU
		{5CE22383-10A8-41D4-906C-4275F02F357A}.Debug|iPhone.Build.0 = Debug|Any CPU
		{5CE22383-10A8-41D4-906C-4275F02F357A}.Debug|iPhoneSimulator.ActiveCfg = Debug|Any CPU
		{5CE22383-10A8-41D4-906C-4275F02F357A}.Debug|iPhoneSimulator.Build.0 = Debug|Any CPU
		{5CE22383-10A8-41D4-906C-4275F02F357A}.Release|Any CPU.ActiveCfg = Release|Any CPU
		{5CE22383-10A8-41D4-906C-4275F02F357A}.Release|Any CPU.Build.0 = Release|Any CPU
		{5CE22383-10A8-41D4-906C-4275F02F357A}.Release|iPhone.ActiveCfg = Release|Any CPU
		{5CE22383-10A8-41D4-906C-4275F02F357A}.Release|iPhone.Build.0 = Release|Any CPU
		{5CE22383-10A8-41D4-906C-4275F02F357A}.Release|iPhoneSimulator.ActiveCfg = Release|Any CPU
		{5CE22383-10A8-41D4-906C-4275F02F357A}.Release|iPhoneSimulator.Build.0 = Release|Any CPU
		{DE1E4E35-032E-4EC9-82B8-C71E1333CD6B}.Ad-Hoc|Any CPU.ActiveCfg = Debug|Any CPU
		{DE1E4E35-032E-4EC9-82B8-C71E1333CD6B}.Ad-Hoc|Any CPU.Build.0 = Debug|Any CPU
		{DE1E4E35-032E-4EC9-82B8-C71E1333CD6B}.Ad-Hoc|iPhone.ActiveCfg = Debug|Any CPU
		{DE1E4E35-032E-4EC9-82B8-C71E1333CD6B}.Ad-Hoc|iPhone.Build.0 = Debug|Any CPU
		{DE1E4E35-032E-4EC9-82B8-C71E1333CD6B}.Ad-Hoc|iPhoneSimulator.ActiveCfg = Debug|Any CPU
		{DE1E4E35-032E-4EC9-82B8-C71E1333CD6B}.Ad-Hoc|iPhoneSimulator.Build.0 = Debug|Any CPU
		{DE1E4E35-032E-4EC9-82B8-C71E1333CD6B}.AppStore|Any CPU.ActiveCfg = Debug|Any CPU
		{DE1E4E35-032E-4EC9-82B8-C71E1333CD6B}.AppStore|Any CPU.Build.0 = Debug|Any CPU
		{DE1E4E35-032E-4EC9-82B8-C71E1333CD6B}.AppStore|iPhone.ActiveCfg = Debug|Any CPU
		{DE1E4E35-032E-4EC9-82B8-C71E1333CD6B}.AppStore|iPhone.Build.0 = Debug|Any CPU
		{DE1E4E35-032E-4EC9-82B8-C71E1333CD6B}.AppStore|iPhoneSimulator.ActiveCfg = Debug|Any CPU
		{DE1E4E35-032E-4EC9-82B8-C71E1333CD6B}.AppStore|iPhoneSimulator.Build.0 = Debug|Any CPU
		{DE1E4E35-032E-4EC9-82B8-C71E1333CD6B}.Debug|Any CPU.ActiveCfg = Debug|Any CPU
		{DE1E4E35-032E-4EC9-82B8-C71E1333CD6B}.Debug|Any CPU.Build.0 = Debug|Any CPU
		{DE1E4E35-032E-4EC9-82B8-C71E1333CD6B}.Debug|iPhone.ActiveCfg = Debug|Any CPU
		{DE1E4E35-032E-4EC9-82B8-C71E1333CD6B}.Debug|iPhone.Build.0 = Debug|Any CPU
		{DE1E4E35-032E-4EC9-82B8-C71E1333CD6B}.Debug|iPhoneSimulator.ActiveCfg = Debug|Any CPU
		{DE1E4E35-032E-4EC9-82B8-C71E1333CD6B}.Debug|iPhoneSimulator.Build.0 = Debug|Any CPU
		{DE1E4E35-032E-4EC9-82B8-C71E1333CD6B}.Release|Any CPU.ActiveCfg = Release|Any CPU
		{DE1E4E35-032E-4EC9-82B8-C71E1333CD6B}.Release|Any CPU.Build.0 = Release|Any CPU
		{DE1E4E35-032E-4EC9-82B8-C71E1333CD6B}.Release|iPhone.ActiveCfg = Release|Any CPU
		{DE1E4E35-032E-4EC9-82B8-C71E1333CD6B}.Release|iPhone.Build.0 = Release|Any CPU
		{DE1E4E35-032E-4EC9-82B8-C71E1333CD6B}.Release|iPhoneSimulator.ActiveCfg = Release|Any CPU
		{DE1E4E35-032E-4EC9-82B8-C71E1333CD6B}.Release|iPhoneSimulator.Build.0 = Release|Any CPU
	EndGlobalSection
	GlobalSection(SolutionProperties) = preSolution
		HideSolutionNode = FALSE
	EndGlobalSection
	GlobalSection(ExtensibilityGlobals) = postSolution
		SolutionGuid = {C9D549CE-8DC3-4244-B2E9-C6748F3CED4E}
	EndGlobalSection
EndGlobal
