
Microsoft Visual Studio Solution File, Format Version 12.00
# Visual Studio 15
VisualStudioVersion = 15.0.28010.2026
MinimumVisualStudioVersion = 10.0.40219.1
Project("{2150E333-8FDC-42A3-9474-1A3956D46DE8}") = "0 - Presentation", "0 - Presentation", "{6389DF32-E61D-465F-82B8-E97574677BC7}"
EndProject
Project("{2150E333-8FDC-42A3-9474-1A3956D46DE8}") = "1- Domain", "1- Domain", "{8ADF972B-42EE-4AD2-9866-9046ADF7A846}"
EndProject
Project("{9A19103F-16F7-4668-BE54-9A1E7A4F7556}") = "CopaFilmes.Domain", "src\CopaFilmes.Domain\CopaFilmes.Domain.csproj", "{049A4377-39E8-4588-8722-F459B9D0829A}"
EndProject
Project("{9A19103F-16F7-4668-BE54-9A1E7A4F7556}") = "CopaFilmes.Presentation", "src\CopaFilmes.Presentation\CopaFilmes.Presentation.csproj", "{2A7C0728-400F-4FCD-AA45-AB5C1355B211}"
EndProject
Project("{2150E333-8FDC-42A3-9474-1A3956D46DE8}") = "2 - Services", "2 - Services", "{2EB120A9-46F5-4DEE-8F92-3A68856820F3}"
EndProject
Project("{9A19103F-16F7-4668-BE54-9A1E7A4F7556}") = "CopaFilmes.Services", "src\CopaFilmes.Services\CopaFilmes.Services.csproj", "{6E47CB83-13BF-4A56-B030-59831A853460}"
EndProject
Project("{2150E333-8FDC-42A3-9474-1A3956D46DE8}") = "Backend", "Backend", "{078FCA05-6C7A-4757-87E4-4381584A9FC2}"
EndProject
Project("{2150E333-8FDC-42A3-9474-1A3956D46DE8}") = "Frontend", "Frontend", "{045A3F23-A311-4002-88A3-B3859CB30B8E}"
EndProject
Project("{FAE04EC0-301F-11D3-BF4B-00C04F79EFBC}") = "CopaFilmes.Android", "src\CopaFilmes\CopaFilmes.Android\CopaFilmes.Android.csproj", "{54411C49-3E85-4B59-BE05-6754D3DA35F4}"
EndProject
Project("{FAE04EC0-301F-11D3-BF4B-00C04F79EFBC}") = "CopaFilmes.iOS", "src\CopaFilmes\CopaFilmes.iOS\CopaFilmes.iOS.csproj", "{57DF6D61-AFC7-4888-98F8-B7C426CF9E14}"
EndProject
Project("{9A19103F-16F7-4668-BE54-9A1E7A4F7556}") = "CopaFilmes", "src\CopaFilmes\CopaFilmes\CopaFilmes.csproj", "{DB28004D-7A6A-4BCF-87BB-F4B32AC9ED49}"
EndProject
Project("{2150E333-8FDC-42A3-9474-1A3956D46DE8}") = "0 - Application", "0 - Application", "{8FCFE06E-0A8E-4D93-8C4A-1EAD25C1658A}"
EndProject
Project("{2150E333-8FDC-42A3-9474-1A3956D46DE8}") = "1 - Presentation", "1 - Presentation", "{5A045F30-1026-46AB-ACD8-14A4B27B3AD9}"
EndProject
Project("{2150E333-8FDC-42A3-9474-1A3956D46DE8}") = "2 - Domain", "2 - Domain", "{F3B30814-9424-4C92-9D3F-2FFECC393491}"
EndProject
Project("{2150E333-8FDC-42A3-9474-1A3956D46DE8}") = "3 - Services", "3 - Services", "{7D1BD5A6-783D-4B90-BB7E-558B0FD99B2E}"
EndProject
Project("{9A19103F-16F7-4668-BE54-9A1E7A4F7556}") = "CopaFilmes.DomainApp", "src\CopaFilmes.DomainApp\CopaFilmes.DomainApp.csproj", "{0B770A69-9B77-4F38-A06E-A885809553AB}"
EndProject
Project("{FAE04EC0-301F-11D3-BF4B-00C04F79EFBC}") = "CopaFilmes.ServicesApp", "src\CopaFilmes.ServicesApp\CopaFilmes.ServicesApp.csproj", "{3BFF9752-3C11-4A0E-A2DD-4A18CAA4436C}"
EndProject
Global
	GlobalSection(SolutionConfigurationPlatforms) = preSolution
		Ad-Hoc|Any CPU = Ad-Hoc|Any CPU
		Ad-Hoc|iPhone = Ad-Hoc|iPhone
		Ad-Hoc|iPhoneSimulator = Ad-Hoc|iPhoneSimulator
		AppStore|Any CPU = AppStore|Any CPU
		AppStore|iPhone = AppStore|iPhone
		AppStore|iPhoneSimulator = AppStore|iPhoneSimulator
		Debug|Any CPU = Debug|Any CPU
		Debug|iPhone = Debug|iPhone
		Debug|iPhoneSimulator = Debug|iPhoneSimulator
		Release|Any CPU = Release|Any CPU
		Release|iPhone = Release|iPhone
		Release|iPhoneSimulator = Release|iPhoneSimulator
	EndGlobalSection
	GlobalSection(ProjectConfigurationPlatforms) = postSolution
		{049A4377-39E8-4588-8722-F459B9D0829A}.Ad-Hoc|Any CPU.ActiveCfg = Release|Any CPU
		{049A4377-39E8-4588-8722-F459B9D0829A}.Ad-Hoc|Any CPU.Build.0 = Release|Any CPU
		{049A4377-39E8-4588-8722-F459B9D0829A}.Ad-Hoc|iPhone.ActiveCfg = Release|Any CPU
		{049A4377-39E8-4588-8722-F459B9D0829A}.Ad-Hoc|iPhone.Build.0 = Release|Any CPU
		{049A4377-39E8-4588-8722-F459B9D0829A}.Ad-Hoc|iPhoneSimulator.ActiveCfg = Release|Any CPU
		{049A4377-39E8-4588-8722-F459B9D0829A}.Ad-Hoc|iPhoneSimulator.Build.0 = Release|Any CPU
		{049A4377-39E8-4588-8722-F459B9D0829A}.AppStore|Any CPU.ActiveCfg = Release|Any CPU
		{049A4377-39E8-4588-8722-F459B9D0829A}.AppStore|Any CPU.Build.0 = Release|Any CPU
		{049A4377-39E8-4588-8722-F459B9D0829A}.AppStore|iPhone.ActiveCfg = Release|Any CPU
		{049A4377-39E8-4588-8722-F459B9D0829A}.AppStore|iPhone.Build.0 = Release|Any CPU
		{049A4377-39E8-4588-8722-F459B9D0829A}.AppStore|iPhoneSimulator.ActiveCfg = Release|Any CPU
		{049A4377-39E8-4588-8722-F459B9D0829A}.AppStore|iPhoneSimulator.Build.0 = Release|Any CPU
		{049A4377-39E8-4588-8722-F459B9D0829A}.Debug|Any CPU.ActiveCfg = Debug|Any CPU
		{049A4377-39E8-4588-8722-F459B9D0829A}.Debug|Any CPU.Build.0 = Debug|Any CPU
		{049A4377-39E8-4588-8722-F459B9D0829A}.Debug|iPhone.ActiveCfg = Debug|Any CPU
		{049A4377-39E8-4588-8722-F459B9D0829A}.Debug|iPhone.Build.0 = Debug|Any CPU
		{049A4377-39E8-4588-8722-F459B9D0829A}.Debug|iPhoneSimulator.ActiveCfg = Debug|Any CPU
		{049A4377-39E8-4588-8722-F459B9D0829A}.Debug|iPhoneSimulator.Build.0 = Debug|Any CPU
		{049A4377-39E8-4588-8722-F459B9D0829A}.Release|Any CPU.ActiveCfg = Release|Any CPU
		{049A4377-39E8-4588-8722-F459B9D0829A}.Release|Any CPU.Build.0 = Release|Any CPU
		{049A4377-39E8-4588-8722-F459B9D0829A}.Release|iPhone.ActiveCfg = Release|Any CPU
		{049A4377-39E8-4588-8722-F459B9D0829A}.Release|iPhone.Build.0 = Release|Any CPU
		{049A4377-39E8-4588-8722-F459B9D0829A}.Release|iPhoneSimulator.ActiveCfg = Release|Any CPU
		{049A4377-39E8-4588-8722-F459B9D0829A}.Release|iPhoneSimulator.Build.0 = Release|Any CPU
		{2A7C0728-400F-4FCD-AA45-AB5C1355B211}.Ad-Hoc|Any CPU.ActiveCfg = Release|Any CPU
		{2A7C0728-400F-4FCD-AA45-AB5C1355B211}.Ad-Hoc|Any CPU.Build.0 = Release|Any CPU
		{2A7C0728-400F-4FCD-AA45-AB5C1355B211}.Ad-Hoc|iPhone.ActiveCfg = Release|Any CPU
		{2A7C0728-400F-4FCD-AA45-AB5C1355B211}.Ad-Hoc|iPhone.Build.0 = Release|Any CPU
		{2A7C0728-400F-4FCD-AA45-AB5C1355B211}.Ad-Hoc|iPhoneSimulator.ActiveCfg = Release|Any CPU
		{2A7C0728-400F-4FCD-AA45-AB5C1355B211}.Ad-Hoc|iPhoneSimulator.Build.0 = Release|Any CPU
		{2A7C0728-400F-4FCD-AA45-AB5C1355B211}.AppStore|Any CPU.ActiveCfg = Release|Any CPU
		{2A7C0728-400F-4FCD-AA45-AB5C1355B211}.AppStore|Any CPU.Build.0 = Release|Any CPU
		{2A7C0728-400F-4FCD-AA45-AB5C1355B211}.AppStore|iPhone.ActiveCfg = Release|Any CPU
		{2A7C0728-400F-4FCD-AA45-AB5C1355B211}.AppStore|iPhone.Build.0 = Release|Any CPU
		{2A7C0728-400F-4FCD-AA45-AB5C1355B211}.AppStore|iPhoneSimulator.ActiveCfg = Release|Any CPU
		{2A7C0728-400F-4FCD-AA45-AB5C1355B211}.AppStore|iPhoneSimulator.Build.0 = Release|Any CPU
		{2A7C0728-400F-4FCD-AA45-AB5C1355B211}.Debug|Any CPU.ActiveCfg = Debug|Any CPU
		{2A7C0728-400F-4FCD-AA45-AB5C1355B211}.Debug|Any CPU.Build.0 = Debug|Any CPU
		{2A7C0728-400F-4FCD-AA45-AB5C1355B211}.Debug|iPhone.ActiveCfg = Debug|Any CPU
		{2A7C0728-400F-4FCD-AA45-AB5C1355B211}.Debug|iPhone.Build.0 = Debug|Any CPU
		{2A7C0728-400F-4FCD-AA45-AB5C1355B211}.Debug|iPhoneSimulator.ActiveCfg = Debug|Any CPU
		{2A7C0728-400F-4FCD-AA45-AB5C1355B211}.Debug|iPhoneSimulator.Build.0 = Debug|Any CPU
		{2A7C0728-400F-4FCD-AA45-AB5C1355B211}.Release|Any CPU.ActiveCfg = Release|Any CPU
		{2A7C0728-400F-4FCD-AA45-AB5C1355B211}.Release|Any CPU.Build.0 = Release|Any CPU
		{2A7C0728-400F-4FCD-AA45-AB5C1355B211}.Release|iPhone.ActiveCfg = Release|Any CPU
		{2A7C0728-400F-4FCD-AA45-AB5C1355B211}.Release|iPhone.Build.0 = Release|Any CPU
		{2A7C0728-400F-4FCD-AA45-AB5C1355B211}.Release|iPhoneSimulator.ActiveCfg = Release|Any CPU
		{2A7C0728-400F-4FCD-AA45-AB5C1355B211}.Release|iPhoneSimulator.Build.0 = Release|Any CPU
		{6E47CB83-13BF-4A56-B030-59831A853460}.Ad-Hoc|Any CPU.ActiveCfg = Release|Any CPU
		{6E47CB83-13BF-4A56-B030-59831A853460}.Ad-Hoc|Any CPU.Build.0 = Release|Any CPU
		{6E47CB83-13BF-4A56-B030-59831A853460}.Ad-Hoc|iPhone.ActiveCfg = Release|Any CPU
		{6E47CB83-13BF-4A56-B030-59831A853460}.Ad-Hoc|iPhone.Build.0 = Release|Any CPU
		{6E47CB83-13BF-4A56-B030-59831A853460}.Ad-Hoc|iPhoneSimulator.ActiveCfg = Release|Any CPU
		{6E47CB83-13BF-4A56-B030-59831A853460}.Ad-Hoc|iPhoneSimulator.Build.0 = Release|Any CPU
		{6E47CB83-13BF-4A56-B030-59831A853460}.AppStore|Any CPU.ActiveCfg = Release|Any CPU
		{6E47CB83-13BF-4A56-B030-59831A853460}.AppStore|Any CPU.Build.0 = Release|Any CPU
		{6E47CB83-13BF-4A56-B030-59831A853460}.AppStore|iPhone.ActiveCfg = Release|Any CPU
		{6E47CB83-13BF-4A56-B030-59831A853460}.AppStore|iPhone.Build.0 = Release|Any CPU
		{6E47CB83-13BF-4A56-B030-59831A853460}.AppStore|iPhoneSimulator.ActiveCfg = Release|Any CPU
		{6E47CB83-13BF-4A56-B030-59831A853460}.AppStore|iPhoneSimulator.Build.0 = Release|Any CPU
		{6E47CB83-13BF-4A56-B030-59831A853460}.Debug|Any CPU.ActiveCfg = Debug|Any CPU
		{6E47CB83-13BF-4A56-B030-59831A853460}.Debug|Any CPU.Build.0 = Debug|Any CPU
		{6E47CB83-13BF-4A56-B030-59831A853460}.Debug|iPhone.ActiveCfg = Debug|Any CPU
		{6E47CB83-13BF-4A56-B030-59831A853460}.Debug|iPhone.Build.0 = Debug|Any CPU
		{6E47CB83-13BF-4A56-B030-59831A853460}.Debug|iPhoneSimulator.ActiveCfg = Debug|Any CPU
		{6E47CB83-13BF-4A56-B030-59831A853460}.Debug|iPhoneSimulator.Build.0 = Debug|Any CPU
		{6E47CB83-13BF-4A56-B030-59831A853460}.Release|Any CPU.ActiveCfg = Release|Any CPU
		{6E47CB83-13BF-4A56-B030-59831A853460}.Release|Any CPU.Build.0 = Release|Any CPU
		{6E47CB83-13BF-4A56-B030-59831A853460}.Release|iPhone.ActiveCfg = Release|Any CPU
		{6E47CB83-13BF-4A56-B030-59831A853460}.Release|iPhone.Build.0 = Release|Any CPU
		{6E47CB83-13BF-4A56-B030-59831A853460}.Release|iPhoneSimulator.ActiveCfg = Release|Any CPU
		{6E47CB83-13BF-4A56-B030-59831A853460}.Release|iPhoneSimulator.Build.0 = Release|Any CPU
		{54411C49-3E85-4B59-BE05-6754D3DA35F4}.Ad-Hoc|Any CPU.ActiveCfg = Release|Any CPU
		{54411C49-3E85-4B59-BE05-6754D3DA35F4}.Ad-Hoc|Any CPU.Build.0 = Release|Any CPU
		{54411C49-3E85-4B59-BE05-6754D3DA35F4}.Ad-Hoc|Any CPU.Deploy.0 = Release|Any CPU
		{54411C49-3E85-4B59-BE05-6754D3DA35F4}.Ad-Hoc|iPhone.ActiveCfg = Release|Any CPU
		{54411C49-3E85-4B59-BE05-6754D3DA35F4}.Ad-Hoc|iPhone.Build.0 = Release|Any CPU
		{54411C49-3E85-4B59-BE05-6754D3DA35F4}.Ad-Hoc|iPhone.Deploy.0 = Release|Any CPU
		{54411C49-3E85-4B59-BE05-6754D3DA35F4}.Ad-Hoc|iPhoneSimulator.ActiveCfg = Release|Any CPU
		{54411C49-3E85-4B59-BE05-6754D3DA35F4}.Ad-Hoc|iPhoneSimulator.Build.0 = Release|Any CPU
		{54411C49-3E85-4B59-BE05-6754D3DA35F4}.Ad-Hoc|iPhoneSimulator.Deploy.0 = Release|Any CPU
		{54411C49-3E85-4B59-BE05-6754D3DA35F4}.AppStore|Any CPU.ActiveCfg = Release|Any CPU
		{54411C49-3E85-4B59-BE05-6754D3DA35F4}.AppStore|Any CPU.Build.0 = Release|Any CPU
		{54411C49-3E85-4B59-BE05-6754D3DA35F4}.AppStore|Any CPU.Deploy.0 = Release|Any CPU
		{54411C49-3E85-4B59-BE05-6754D3DA35F4}.AppStore|iPhone.ActiveCfg = Release|Any CPU
		{54411C49-3E85-4B59-BE05-6754D3DA35F4}.AppStore|iPhone.Build.0 = Release|Any CPU
		{54411C49-3E85-4B59-BE05-6754D3DA35F4}.AppStore|iPhone.Deploy.0 = Release|Any CPU
		{54411C49-3E85-4B59-BE05-6754D3DA35F4}.AppStore|iPhoneSimulator.ActiveCfg = Release|Any CPU
		{54411C49-3E85-4B59-BE05-6754D3DA35F4}.AppStore|iPhoneSimulator.Build.0 = Release|Any CPU
		{54411C49-3E85-4B59-BE05-6754D3DA35F4}.AppStore|iPhoneSimulator.Deploy.0 = Release|Any CPU
		{54411C49-3E85-4B59-BE05-6754D3DA35F4}.Debug|Any CPU.ActiveCfg = Debug|Any CPU
		{54411C49-3E85-4B59-BE05-6754D3DA35F4}.Debug|Any CPU.Build.0 = Debug|Any CPU
		{54411C49-3E85-4B59-BE05-6754D3DA35F4}.Debug|Any CPU.Deploy.0 = Debug|Any CPU
		{54411C49-3E85-4B59-BE05-6754D3DA35F4}.Debug|iPhone.ActiveCfg = Debug|Any CPU
		{54411C49-3E85-4B59-BE05-6754D3DA35F4}.Debug|iPhone.Build.0 = Debug|Any CPU
		{54411C49-3E85-4B59-BE05-6754D3DA35F4}.Debug|iPhone.Deploy.0 = Debug|Any CPU
		{54411C49-3E85-4B59-BE05-6754D3DA35F4}.Debug|iPhoneSimulator.ActiveCfg = Debug|Any CPU
		{54411C49-3E85-4B59-BE05-6754D3DA35F4}.Debug|iPhoneSimulator.Build.0 = Debug|Any CPU
		{54411C49-3E85-4B59-BE05-6754D3DA35F4}.Debug|iPhoneSimulator.Deploy.0 = Debug|Any CPU
		{54411C49-3E85-4B59-BE05-6754D3DA35F4}.Release|Any CPU.ActiveCfg = Release|Any CPU
		{54411C49-3E85-4B59-BE05-6754D3DA35F4}.Release|Any CPU.Build.0 = Release|Any CPU
		{54411C49-3E85-4B59-BE05-6754D3DA35F4}.Release|Any CPU.Deploy.0 = Release|Any CPU
		{54411C49-3E85-4B59-BE05-6754D3DA35F4}.Release|iPhone.ActiveCfg = Release|Any CPU
		{54411C49-3E85-4B59-BE05-6754D3DA35F4}.Release|iPhone.Build.0 = Release|Any CPU
		{54411C49-3E85-4B59-BE05-6754D3DA35F4}.Release|iPhone.Deploy.0 = Release|Any CPU
		{54411C49-3E85-4B59-BE05-6754D3DA35F4}.Release|iPhoneSimulator.ActiveCfg = Release|Any CPU
		{54411C49-3E85-4B59-BE05-6754D3DA35F4}.Release|iPhoneSimulator.Build.0 = Release|Any CPU
		{54411C49-3E85-4B59-BE05-6754D3DA35F4}.Release|iPhoneSimulator.Deploy.0 = Release|Any CPU
		{57DF6D61-AFC7-4888-98F8-B7C426CF9E14}.Ad-Hoc|Any CPU.ActiveCfg = Ad-Hoc|iPhone
		{57DF6D61-AFC7-4888-98F8-B7C426CF9E14}.Ad-Hoc|iPhone.ActiveCfg = Ad-Hoc|iPhone
		{57DF6D61-AFC7-4888-98F8-B7C426CF9E14}.Ad-Hoc|iPhone.Build.0 = Ad-Hoc|iPhone
		{57DF6D61-AFC7-4888-98F8-B7C426CF9E14}.Ad-Hoc|iPhoneSimulator.ActiveCfg = Ad-Hoc|iPhoneSimulator
		{57DF6D61-AFC7-4888-98F8-B7C426CF9E14}.Ad-Hoc|iPhoneSimulator.Build.0 = Ad-Hoc|iPhoneSimulator
		{57DF6D61-AFC7-4888-98F8-B7C426CF9E14}.AppStore|Any CPU.ActiveCfg = AppStore|iPhone
		{57DF6D61-AFC7-4888-98F8-B7C426CF9E14}.AppStore|iPhone.ActiveCfg = AppStore|iPhone
		{57DF6D61-AFC7-4888-98F8-B7C426CF9E14}.AppStore|iPhone.Build.0 = AppStore|iPhone
		{57DF6D61-AFC7-4888-98F8-B7C426CF9E14}.AppStore|iPhoneSimulator.ActiveCfg = AppStore|iPhoneSimulator
		{57DF6D61-AFC7-4888-98F8-B7C426CF9E14}.AppStore|iPhoneSimulator.Build.0 = AppStore|iPhoneSimulator
		{57DF6D61-AFC7-4888-98F8-B7C426CF9E14}.Debug|Any CPU.ActiveCfg = Debug|iPhone
		{57DF6D61-AFC7-4888-98F8-B7C426CF9E14}.Debug|iPhone.ActiveCfg = Debug|iPhone
		{57DF6D61-AFC7-4888-98F8-B7C426CF9E14}.Debug|iPhone.Build.0 = Debug|iPhone
		{57DF6D61-AFC7-4888-98F8-B7C426CF9E14}.Debug|iPhoneSimulator.ActiveCfg = Debug|iPhoneSimulator
		{57DF6D61-AFC7-4888-98F8-B7C426CF9E14}.Debug|iPhoneSimulator.Build.0 = Debug|iPhoneSimulator
		{57DF6D61-AFC7-4888-98F8-B7C426CF9E14}.Release|Any CPU.ActiveCfg = Release|iPhone
		{57DF6D61-AFC7-4888-98F8-B7C426CF9E14}.Release|iPhone.ActiveCfg = Release|iPhone
		{57DF6D61-AFC7-4888-98F8-B7C426CF9E14}.Release|iPhone.Build.0 = Release|iPhone
		{57DF6D61-AFC7-4888-98F8-B7C426CF9E14}.Release|iPhoneSimulator.ActiveCfg = Release|iPhoneSimulator
		{57DF6D61-AFC7-4888-98F8-B7C426CF9E14}.Release|iPhoneSimulator.Build.0 = Release|iPhoneSimulator
		{DB28004D-7A6A-4BCF-87BB-F4B32AC9ED49}.Ad-Hoc|Any CPU.ActiveCfg = Debug|Any CPU
		{DB28004D-7A6A-4BCF-87BB-F4B32AC9ED49}.Ad-Hoc|Any CPU.Build.0 = Debug|Any CPU
		{DB28004D-7A6A-4BCF-87BB-F4B32AC9ED49}.Ad-Hoc|iPhone.ActiveCfg = Debug|Any CPU
		{DB28004D-7A6A-4BCF-87BB-F4B32AC9ED49}.Ad-Hoc|iPhone.Build.0 = Debug|Any CPU
		{DB28004D-7A6A-4BCF-87BB-F4B32AC9ED49}.Ad-Hoc|iPhoneSimulator.ActiveCfg = Debug|Any CPU
		{DB28004D-7A6A-4BCF-87BB-F4B32AC9ED49}.Ad-Hoc|iPhoneSimulator.Build.0 = Debug|Any CPU
		{DB28004D-7A6A-4BCF-87BB-F4B32AC9ED49}.AppStore|Any CPU.ActiveCfg = Debug|Any CPU
		{DB28004D-7A6A-4BCF-87BB-F4B32AC9ED49}.AppStore|Any CPU.Build.0 = Debug|Any CPU
		{DB28004D-7A6A-4BCF-87BB-F4B32AC9ED49}.AppStore|iPhone.ActiveCfg = Debug|Any CPU
		{DB28004D-7A6A-4BCF-87BB-F4B32AC9ED49}.AppStore|iPhone.Build.0 = Debug|Any CPU
		{DB28004D-7A6A-4BCF-87BB-F4B32AC9ED49}.AppStore|iPhoneSimulator.ActiveCfg = Debug|Any CPU
		{DB28004D-7A6A-4BCF-87BB-F4B32AC9ED49}.AppStore|iPhoneSimulator.Build.0 = Debug|Any CPU
		{DB28004D-7A6A-4BCF-87BB-F4B32AC9ED49}.Debug|Any CPU.ActiveCfg = Debug|Any CPU
		{DB28004D-7A6A-4BCF-87BB-F4B32AC9ED49}.Debug|Any CPU.Build.0 = Debug|Any CPU
		{DB28004D-7A6A-4BCF-87BB-F4B32AC9ED49}.Debug|iPhone.ActiveCfg = Debug|Any CPU
		{DB28004D-7A6A-4BCF-87BB-F4B32AC9ED49}.Debug|iPhone.Build.0 = Debug|Any CPU
		{DB28004D-7A6A-4BCF-87BB-F4B32AC9ED49}.Debug|iPhoneSimulator.ActiveCfg = Debug|Any CPU
		{DB28004D-7A6A-4BCF-87BB-F4B32AC9ED49}.Debug|iPhoneSimulator.Build.0 = Debug|Any CPU
		{DB28004D-7A6A-4BCF-87BB-F4B32AC9ED49}.Release|Any CPU.ActiveCfg = Release|Any CPU
		{DB28004D-7A6A-4BCF-87BB-F4B32AC9ED49}.Release|Any CPU.Build.0 = Release|Any CPU
		{DB28004D-7A6A-4BCF-87BB-F4B32AC9ED49}.Release|iPhone.ActiveCfg = Release|Any CPU
		{DB28004D-7A6A-4BCF-87BB-F4B32AC9ED49}.Release|iPhone.Build.0 = Release|Any CPU
		{DB28004D-7A6A-4BCF-87BB-F4B32AC9ED49}.Release|iPhoneSimulator.ActiveCfg = Release|Any CPU
		{DB28004D-7A6A-4BCF-87BB-F4B32AC9ED49}.Release|iPhoneSimulator.Build.0 = Release|Any CPU
		{0B770A69-9B77-4F38-A06E-A885809553AB}.Ad-Hoc|Any CPU.ActiveCfg = Debug|Any CPU
		{0B770A69-9B77-4F38-A06E-A885809553AB}.Ad-Hoc|Any CPU.Build.0 = Debug|Any CPU
		{0B770A69-9B77-4F38-A06E-A885809553AB}.Ad-Hoc|iPhone.ActiveCfg = Debug|Any CPU
		{0B770A69-9B77-4F38-A06E-A885809553AB}.Ad-Hoc|iPhone.Build.0 = Debug|Any CPU
		{0B770A69-9B77-4F38-A06E-A885809553AB}.Ad-Hoc|iPhoneSimulator.ActiveCfg = Debug|Any CPU
		{0B770A69-9B77-4F38-A06E-A885809553AB}.Ad-Hoc|iPhoneSimulator.Build.0 = Debug|Any CPU
		{0B770A69-9B77-4F38-A06E-A885809553AB}.AppStore|Any CPU.ActiveCfg = Debug|Any CPU
		{0B770A69-9B77-4F38-A06E-A885809553AB}.AppStore|Any CPU.Build.0 = Debug|Any CPU
		{0B770A69-9B77-4F38-A06E-A885809553AB}.AppStore|iPhone.ActiveCfg = Debug|Any CPU
		{0B770A69-9B77-4F38-A06E-A885809553AB}.AppStore|iPhone.Build.0 = Debug|Any CPU
		{0B770A69-9B77-4F38-A06E-A885809553AB}.AppStore|iPhoneSimulator.ActiveCfg = Debug|Any CPU
		{0B770A69-9B77-4F38-A06E-A885809553AB}.AppStore|iPhoneSimulator.Build.0 = Debug|Any CPU
		{0B770A69-9B77-4F38-A06E-A885809553AB}.Debug|Any CPU.ActiveCfg = Debug|Any CPU
		{0B770A69-9B77-4F38-A06E-A885809553AB}.Debug|Any CPU.Build.0 = Debug|Any CPU
		{0B770A69-9B77-4F38-A06E-A885809553AB}.Debug|iPhone.ActiveCfg = Debug|Any CPU
		{0B770A69-9B77-4F38-A06E-A885809553AB}.Debug|iPhone.Build.0 = Debug|Any CPU
		{0B770A69-9B77-4F38-A06E-A885809553AB}.Debug|iPhoneSimulator.ActiveCfg = Debug|Any CPU
		{0B770A69-9B77-4F38-A06E-A885809553AB}.Debug|iPhoneSimulator.Build.0 = Debug|Any CPU
		{0B770A69-9B77-4F38-A06E-A885809553AB}.Release|Any CPU.ActiveCfg = Release|Any CPU
		{0B770A69-9B77-4F38-A06E-A885809553AB}.Release|Any CPU.Build.0 = Release|Any CPU
		{0B770A69-9B77-4F38-A06E-A885809553AB}.Release|iPhone.ActiveCfg = Release|Any CPU
		{0B770A69-9B77-4F38-A06E-A885809553AB}.Release|iPhone.Build.0 = Release|Any CPU
		{0B770A69-9B77-4F38-A06E-A885809553AB}.Release|iPhoneSimulator.ActiveCfg = Release|Any CPU
		{0B770A69-9B77-4F38-A06E-A885809553AB}.Release|iPhoneSimulator.Build.0 = Release|Any CPU
		{3BFF9752-3C11-4A0E-A2DD-4A18CAA4436C}.Ad-Hoc|Any CPU.ActiveCfg = Debug|Any CPU
		{3BFF9752-3C11-4A0E-A2DD-4A18CAA4436C}.Ad-Hoc|Any CPU.Build.0 = Debug|Any CPU
		{3BFF9752-3C11-4A0E-A2DD-4A18CAA4436C}.Ad-Hoc|iPhone.ActiveCfg = Debug|Any CPU
		{3BFF9752-3C11-4A0E-A2DD-4A18CAA4436C}.Ad-Hoc|iPhone.Build.0 = Debug|Any CPU
		{3BFF9752-3C11-4A0E-A2DD-4A18CAA4436C}.Ad-Hoc|iPhoneSimulator.ActiveCfg = Debug|Any CPU
		{3BFF9752-3C11-4A0E-A2DD-4A18CAA4436C}.Ad-Hoc|iPhoneSimulator.Build.0 = Debug|Any CPU
		{3BFF9752-3C11-4A0E-A2DD-4A18CAA4436C}.AppStore|Any CPU.ActiveCfg = Debug|Any CPU
		{3BFF9752-3C11-4A0E-A2DD-4A18CAA4436C}.AppStore|Any CPU.Build.0 = Debug|Any CPU
		{3BFF9752-3C11-4A0E-A2DD-4A18CAA4436C}.AppStore|iPhone.ActiveCfg = Debug|Any CPU
		{3BFF9752-3C11-4A0E-A2DD-4A18CAA4436C}.AppStore|iPhone.Build.0 = Debug|Any CPU
		{3BFF9752-3C11-4A0E-A2DD-4A18CAA4436C}.AppStore|iPhoneSimulator.ActiveCfg = Debug|Any CPU
		{3BFF9752-3C11-4A0E-A2DD-4A18CAA4436C}.AppStore|iPhoneSimulator.Build.0 = Debug|Any CPU
		{3BFF9752-3C11-4A0E-A2DD-4A18CAA4436C}.Debug|Any CPU.ActiveCfg = Debug|Any CPU
		{3BFF9752-3C11-4A0E-A2DD-4A18CAA4436C}.Debug|Any CPU.Build.0 = Debug|Any CPU
		{3BFF9752-3C11-4A0E-A2DD-4A18CAA4436C}.Debug|iPhone.ActiveCfg = Debug|Any CPU
		{3BFF9752-3C11-4A0E-A2DD-4A18CAA4436C}.Debug|iPhone.Build.0 = Debug|Any CPU
		{3BFF9752-3C11-4A0E-A2DD-4A18CAA4436C}.Debug|iPhoneSimulator.ActiveCfg = Debug|Any CPU
		{3BFF9752-3C11-4A0E-A2DD-4A18CAA4436C}.Debug|iPhoneSimulator.Build.0 = Debug|Any CPU
		{3BFF9752-3C11-4A0E-A2DD-4A18CAA4436C}.Release|Any CPU.ActiveCfg = Release|Any CPU
		{3BFF9752-3C11-4A0E-A2DD-4A18CAA4436C}.Release|Any CPU.Build.0 = Release|Any CPU
		{3BFF9752-3C11-4A0E-A2DD-4A18CAA4436C}.Release|iPhone.ActiveCfg = Release|Any CPU
		{3BFF9752-3C11-4A0E-A2DD-4A18CAA4436C}.Release|iPhone.Build.0 = Release|Any CPU
		{3BFF9752-3C11-4A0E-A2DD-4A18CAA4436C}.Release|iPhoneSimulator.ActiveCfg = Release|Any CPU
		{3BFF9752-3C11-4A0E-A2DD-4A18CAA4436C}.Release|iPhoneSimulator.Build.0 = Release|Any CPU
	EndGlobalSection
	GlobalSection(SolutionProperties) = preSolution
		HideSolutionNode = FALSE
	EndGlobalSection
	GlobalSection(NestedProjects) = preSolution
		{6389DF32-E61D-465F-82B8-E97574677BC7} = {078FCA05-6C7A-4757-87E4-4381584A9FC2}
		{8ADF972B-42EE-4AD2-9866-9046ADF7A846} = {078FCA05-6C7A-4757-87E4-4381584A9FC2}
		{049A4377-39E8-4588-8722-F459B9D0829A} = {8ADF972B-42EE-4AD2-9866-9046ADF7A846}
		{2A7C0728-400F-4FCD-AA45-AB5C1355B211} = {6389DF32-E61D-465F-82B8-E97574677BC7}
		{2EB120A9-46F5-4DEE-8F92-3A68856820F3} = {078FCA05-6C7A-4757-87E4-4381584A9FC2}
		{6E47CB83-13BF-4A56-B030-59831A853460} = {2EB120A9-46F5-4DEE-8F92-3A68856820F3}
		{54411C49-3E85-4B59-BE05-6754D3DA35F4} = {5A045F30-1026-46AB-ACD8-14A4B27B3AD9}
		{57DF6D61-AFC7-4888-98F8-B7C426CF9E14} = {5A045F30-1026-46AB-ACD8-14A4B27B3AD9}
		{DB28004D-7A6A-4BCF-87BB-F4B32AC9ED49} = {8FCFE06E-0A8E-4D93-8C4A-1EAD25C1658A}
		{8FCFE06E-0A8E-4D93-8C4A-1EAD25C1658A} = {045A3F23-A311-4002-88A3-B3859CB30B8E}
		{5A045F30-1026-46AB-ACD8-14A4B27B3AD9} = {045A3F23-A311-4002-88A3-B3859CB30B8E}
		{F3B30814-9424-4C92-9D3F-2FFECC393491} = {045A3F23-A311-4002-88A3-B3859CB30B8E}
		{7D1BD5A6-783D-4B90-BB7E-558B0FD99B2E} = {045A3F23-A311-4002-88A3-B3859CB30B8E}
		{0B770A69-9B77-4F38-A06E-A885809553AB} = {F3B30814-9424-4C92-9D3F-2FFECC393491}
		{3BFF9752-3C11-4A0E-A2DD-4A18CAA4436C} = {7D1BD5A6-783D-4B90-BB7E-558B0FD99B2E}
	EndGlobalSection
	GlobalSection(ExtensibilityGlobals) = postSolution
		SolutionGuid = {C9D549CE-8DC3-4244-B2E9-C6748F3CED4E}
	EndGlobalSection
EndGlobal
